
Microsoft Visual Studio Solution File, Format Version 12.00
# Visual Studio 15
VisualStudioVersion = 15.0.27703.2026
MinimumVisualStudioVersion = 10.0.40219.1
Project("{9A19103F-16F7-4668-BE54-9A1E7A4F7556}") = "ElimpParse.Model", "ElimpParse.Model\ElimpParse.Model.csproj", "{B0BBA879-07CB-4F37-8536-2E1222A44056}"
EndProject
Project("{9A19103F-16F7-4668-BE54-9A1E7A4F7556}") = "ElimpParse.DatabaseProvider", "ElimpParse.DatabaseProvider\ElimpParse.DatabaseProvider.csproj", "{1B5AF0DA-AF05-4766-9E12-9734925A42E5}"
EndProject
Project("{9A19103F-16F7-4668-BE54-9A1E7A4F7556}") = "ElimpParse.Core", "ElimpParse.SiteParser\ElimpParse.Core.csproj", "{D308454F-21A8-46D3-8C01-33DF377DAFFD}"
EndProject
Project("{9A19103F-16F7-4668-BE54-9A1E7A4F7556}") = "ElimpParse.ConsoleApp", "ElimpParse.ConsoleApp\ElimpParse.ConsoleApp.csproj", "{D07CF8BF-4199-472E-B73E-A82D5E343AD8}"
EndProject
Project("{9A19103F-16F7-4668-BE54-9A1E7A4F7556}") = "ElimpParse.TelegramBot", "ElimpParse.TelegramBot\ElimpParse.TelegramBot.csproj", "{C0A439DF-ED39-4C12-9C40-133C923E2DC8}"
EndProject
Project("{FAE04EC0-301F-11D3-BF4B-00C04F79EFBC}") = "ElimpParse.WebApp", "ElimpParse.WebApp\ElimpParse.WebApp.csproj", "{B0859DC5-79CB-4DD0-BCBC-96CD3B9F7967}"
EndProject
Global
	GlobalSection(SolutionConfigurationPlatforms) = preSolution
		Debug|Any CPU = Debug|Any CPU
		Release|Any CPU = Release|Any CPU
	EndGlobalSection
	GlobalSection(ProjectConfigurationPlatforms) = postSolution
		{B0BBA879-07CB-4F37-8536-2E1222A44056}.Debug|Any CPU.ActiveCfg = Debug|Any CPU
		{B0BBA879-07CB-4F37-8536-2E1222A44056}.Debug|Any CPU.Build.0 = Debug|Any CPU
		{B0BBA879-07CB-4F37-8536-2E1222A44056}.Release|Any CPU.ActiveCfg = Release|Any CPU
		{B0BBA879-07CB-4F37-8536-2E1222A44056}.Release|Any CPU.Build.0 = Release|Any CPU
		{1B5AF0DA-AF05-4766-9E12-9734925A42E5}.Debug|Any CPU.ActiveCfg = Debug|Any CPU
		{1B5AF0DA-AF05-4766-9E12-9734925A42E5}.Debug|Any CPU.Build.0 = Debug|Any CPU
		{1B5AF0DA-AF05-4766-9E12-9734925A42E5}.Release|Any CPU.ActiveCfg = Release|Any CPU
		{1B5AF0DA-AF05-4766-9E12-9734925A42E5}.Release|Any CPU.Build.0 = Release|Any CPU
		{D308454F-21A8-46D3-8C01-33DF377DAFFD}.Debug|Any CPU.ActiveCfg = Debug|Any CPU
		{D308454F-21A8-46D3-8C01-33DF377DAFFD}.Debug|Any CPU.Build.0 = Debug|Any CPU
		{D308454F-21A8-46D3-8C01-33DF377DAFFD}.Release|Any CPU.ActiveCfg = Release|Any CPU
		{D308454F-21A8-46D3-8C01-33DF377DAFFD}.Release|Any CPU.Build.0 = Release|Any CPU
		{D07CF8BF-4199-472E-B73E-A82D5E343AD8}.Debug|Any CPU.ActiveCfg = Debug|Any CPU
		{D07CF8BF-4199-472E-B73E-A82D5E343AD8}.Debug|Any CPU.Build.0 = Debug|Any CPU
		{D07CF8BF-4199-472E-B73E-A82D5E343AD8}.Release|Any CPU.ActiveCfg = Release|Any CPU
		{D07CF8BF-4199-472E-B73E-A82D5E343AD8}.Release|Any CPU.Build.0 = Release|Any CPU
		{C0A439DF-ED39-4C12-9C40-133C923E2DC8}.Debug|Any CPU.ActiveCfg = Debug|Any CPU
		{C0A439DF-ED39-4C12-9C40-133C923E2DC8}.Debug|Any CPU.Build.0 = Debug|Any CPU
		{C0A439DF-ED39-4C12-9C40-133C923E2DC8}.Release|Any CPU.ActiveCfg = Release|Any CPU
		{C0A439DF-ED39-4C12-9C40-133C923E2DC8}.Release|Any CPU.Build.0 = Release|Any CPU
		{B0859DC5-79CB-4DD0-BCBC-96CD3B9F7967}.Debug|Any CPU.ActiveCfg = Debug|Any CPU
		{B0859DC5-79CB-4DD0-BCBC-96CD3B9F7967}.Debug|Any CPU.Build.0 = Debug|Any CPU
		{B0859DC5-79CB-4DD0-BCBC-96CD3B9F7967}.Release|Any CPU.ActiveCfg = Release|Any CPU
		{B0859DC5-79CB-4DD0-BCBC-96CD3B9F7967}.Release|Any CPU.Build.0 = Release|Any CPU
	EndGlobalSection
	GlobalSection(SolutionProperties) = preSolution
		HideSolutionNode = FALSE
	EndGlobalSection
	GlobalSection(ExtensibilityGlobals) = postSolution
		SolutionGuid = {69873843-7718-4BD7-8013-3309DD1A5141}
	EndGlobalSection
EndGlobal
