
Microsoft Visual Studio Solution File, Format Version 12.00
# Visual Studio 15
VisualStudioVersion = 15.0.27703.2026
MinimumVisualStudioVersion = 10.0.40219.1
Project("{9A19103F-16F7-4668-BE54-9A1E7A4F7556}") = "ElimpParse.ConsoleApp", "ElimpParse.ConsoleApp\ElimpParse.ConsoleApp.csproj", "{D07CF8BF-4199-472E-B73E-A82D5E343AD8}"
EndProject
Project("{9A19103F-16F7-4668-BE54-9A1E7A4F7556}") = "ElimpParse.TelegramBot", "ElimpParse.TelegramBot\ElimpParse.TelegramBot.csproj", "{C0A439DF-ED39-4C12-9C40-133C923E2DC8}"
EndProject
Project("{9A19103F-16F7-4668-BE54-9A1E7A4F7556}") = "ElimpParse.WebApp", "ElimpParse.WebApp\ElimpParse.WebApp.csproj", "{B0859DC5-79CB-4DD0-BCBC-96CD3B9F7967}"
EndProject
Project("{FAE04EC0-301F-11D3-BF4B-00C04F79EFBC}") = "LimpStats.Model", "LimpStats.Model\LimpStats.Model.csproj", "{5212533A-91F7-4704-BB46-AF0F3FB8133E}"
EndProject
Project("{FAE04EC0-301F-11D3-BF4B-00C04F79EFBC}") = "LimpStats.Client", "LimpStats.Client\LimpStats.Client.csproj", "{6990B26C-646E-4014-B331-CD74E1D25ACA}"
EndProject
Project("{FAE04EC0-301F-11D3-BF4B-00C04F79EFBC}") = "LimpStats.Core", "LimpStats.Core\LimpStats.Core.csproj", "{A95D9556-B032-4421-A36A-83DC3435FFE3}"
EndProject
Project("{FAE04EC0-301F-11D3-BF4B-00C04F79EFBC}") = "LimpStats.Database", "LimpStats.Database\LimpStats.Database.csproj", "{66C8060A-5EFE-47E5-AD9D-EE8F9AE96284}"
EndProject
Global
	GlobalSection(SolutionConfigurationPlatforms) = preSolution
		Debug|Any CPU = Debug|Any CPU
		Release|Any CPU = Release|Any CPU
	EndGlobalSection
	GlobalSection(ProjectConfigurationPlatforms) = postSolution
		{D07CF8BF-4199-472E-B73E-A82D5E343AD8}.Debug|Any CPU.ActiveCfg = Debug|Any CPU
		{D07CF8BF-4199-472E-B73E-A82D5E343AD8}.Debug|Any CPU.Build.0 = Debug|Any CPU
		{D07CF8BF-4199-472E-B73E-A82D5E343AD8}.Release|Any CPU.ActiveCfg = Release|Any CPU
		{D07CF8BF-4199-472E-B73E-A82D5E343AD8}.Release|Any CPU.Build.0 = Release|Any CPU
		{C0A439DF-ED39-4C12-9C40-133C923E2DC8}.Debug|Any CPU.ActiveCfg = Debug|Any CPU
		{C0A439DF-ED39-4C12-9C40-133C923E2DC8}.Debug|Any CPU.Build.0 = Debug|Any CPU
		{C0A439DF-ED39-4C12-9C40-133C923E2DC8}.Release|Any CPU.ActiveCfg = Release|Any CPU
		{C0A439DF-ED39-4C12-9C40-133C923E2DC8}.Release|Any CPU.Build.0 = Release|Any CPU
		{B0859DC5-79CB-4DD0-BCBC-96CD3B9F7967}.Debug|Any CPU.ActiveCfg = Debug|Any CPU
		{B0859DC5-79CB-4DD0-BCBC-96CD3B9F7967}.Debug|Any CPU.Build.0 = Debug|Any CPU
		{B0859DC5-79CB-4DD0-BCBC-96CD3B9F7967}.Release|Any CPU.ActiveCfg = Release|Any CPU
		{B0859DC5-79CB-4DD0-BCBC-96CD3B9F7967}.Release|Any CPU.Build.0 = Release|Any CPU
		{5212533A-91F7-4704-BB46-AF0F3FB8133E}.Debug|Any CPU.ActiveCfg = Debug|Any CPU
		{5212533A-91F7-4704-BB46-AF0F3FB8133E}.Debug|Any CPU.Build.0 = Debug|Any CPU
		{5212533A-91F7-4704-BB46-AF0F3FB8133E}.Release|Any CPU.ActiveCfg = Release|Any CPU
		{5212533A-91F7-4704-BB46-AF0F3FB8133E}.Release|Any CPU.Build.0 = Release|Any CPU
		{6990B26C-646E-4014-B331-CD74E1D25ACA}.Debug|Any CPU.ActiveCfg = Debug|Any CPU
		{6990B26C-646E-4014-B331-CD74E1D25ACA}.Debug|Any CPU.Build.0 = Debug|Any CPU
		{6990B26C-646E-4014-B331-CD74E1D25ACA}.Release|Any CPU.ActiveCfg = Release|Any CPU
		{6990B26C-646E-4014-B331-CD74E1D25ACA}.Release|Any CPU.Build.0 = Release|Any CPU
		{A95D9556-B032-4421-A36A-83DC3435FFE3}.Debug|Any CPU.ActiveCfg = Debug|Any CPU
		{A95D9556-B032-4421-A36A-83DC3435FFE3}.Debug|Any CPU.Build.0 = Debug|Any CPU
		{A95D9556-B032-4421-A36A-83DC3435FFE3}.Release|Any CPU.ActiveCfg = Release|Any CPU
		{A95D9556-B032-4421-A36A-83DC3435FFE3}.Release|Any CPU.Build.0 = Release|Any CPU
		{66C8060A-5EFE-47E5-AD9D-EE8F9AE96284}.Debug|Any CPU.ActiveCfg = Debug|Any CPU
		{66C8060A-5EFE-47E5-AD9D-EE8F9AE96284}.Debug|Any CPU.Build.0 = Debug|Any CPU
		{66C8060A-5EFE-47E5-AD9D-EE8F9AE96284}.Release|Any CPU.ActiveCfg = Release|Any CPU
		{66C8060A-5EFE-47E5-AD9D-EE8F9AE96284}.Release|Any CPU.Build.0 = Release|Any CPU
	EndGlobalSection
	GlobalSection(SolutionProperties) = preSolution
		HideSolutionNode = FALSE
	EndGlobalSection
	GlobalSection(ExtensibilityGlobals) = postSolution
		SolutionGuid = {69873843-7718-4BD7-8013-3309DD1A5141}
	EndGlobalSection
EndGlobal
